// !$*UTF8*$!
{
	archiveVersion = 1;
	classes = {
	};
	objectVersion = 51;
	objects = {

/* Begin PBXBuildFile section */
		991B4C5223B51714002CDA20 /* AppDelegate.swift in Sources */ = {isa = PBXBuildFile; fileRef = 991B4C5123B51714002CDA20 /* AppDelegate.swift */; };
		991B4C5723B51714002CDA20 /* Main.storyboard in Resources */ = {isa = PBXBuildFile; fileRef = 991B4C5523B51714002CDA20 /* Main.storyboard */; };
		991B4C5923B51716002CDA20 /* Assets.xcassets in Resources */ = {isa = PBXBuildFile; fileRef = 991B4C5823B51716002CDA20 /* Assets.xcassets */; };
		991B4C5C23B51716002CDA20 /* LaunchScreen.storyboard in Resources */ = {isa = PBXBuildFile; fileRef = 991B4C5A23B51716002CDA20 /* LaunchScreen.storyboard */; };
		991B4C6723B517F9002CDA20 /* ConcertListViewController.swift in Sources */ = {isa = PBXBuildFile; fileRef = 991B4C6623B517F9002CDA20 /* ConcertListViewController.swift */; };
		991B4C6A23B5183A002CDA20 /* ConcertListViewModel.swift in Sources */ = {isa = PBXBuildFile; fileRef = 991B4C6923B5183A002CDA20 /* ConcertListViewModel.swift */; };
		991B4C6D23B51879002CDA20 /* ConcertListItemTableViewCellViewModel.swift in Sources */ = {isa = PBXBuildFile; fileRef = 991B4C6C23B51879002CDA20 /* ConcertListItemTableViewCellViewModel.swift */; };
		991B4C7023B518A5002CDA20 /* ConcertListItemTableViewCell.swift in Sources */ = {isa = PBXBuildFile; fileRef = 991B4C6E23B518A5002CDA20 /* ConcertListItemTableViewCell.swift */; };
		991B4C7123B518A5002CDA20 /* ConcertListItemTableViewCell.xib in Resources */ = {isa = PBXBuildFile; fileRef = 991B4C6F23B518A5002CDA20 /* ConcertListItemTableViewCell.xib */; };
		991B4C7323B518E2002CDA20 /* BaseViewModel.swift in Sources */ = {isa = PBXBuildFile; fileRef = 991B4C7223B518E2002CDA20 /* BaseViewModel.swift */; };
		991B4C7523B51923002CDA20 /* Concert.swift in Sources */ = {isa = PBXBuildFile; fileRef = 991B4C7423B51923002CDA20 /* Concert.swift */; };
		991B4C7823B519C0002CDA20 /* ConcertResponse.swift in Sources */ = {isa = PBXBuildFile; fileRef = 991B4C7723B519C0002CDA20 /* ConcertResponse.swift */; };
		991B4C8723B624DC002CDA20 /* APIService.swift in Sources */ = {isa = PBXBuildFile; fileRef = 991B4C8623B624DC002CDA20 /* APIService.swift */; };
		991B4C8A23B628A1002CDA20 /* Reachability.swift in Sources */ = {isa = PBXBuildFile; fileRef = 991B4C8923B628A1002CDA20 /* Reachability.swift */; };
		991B4C8D23B6373A002CDA20 /* Dictionary+Utilities.swift in Sources */ = {isa = PBXBuildFile; fileRef = 991B4C8C23B6373A002CDA20 /* Dictionary+Utilities.swift */; };
		991B4C8F23B63AA3002CDA20 /* String+Utilities.swift in Sources */ = {isa = PBXBuildFile; fileRef = 991B4C8E23B63AA3002CDA20 /* String+Utilities.swift */; };
		991B4C9123B6455E002CDA20 /* BaseViewController.swift in Sources */ = {isa = PBXBuildFile; fileRef = 991B4C9023B6455E002CDA20 /* BaseViewController.swift */; };
		D9E6D335A2699AE0A5FB37A6 /* Pods_ConcertsApp.framework in Frameworks */ = {isa = PBXBuildFile; fileRef = F72F9E8A4D76DCBA44AF76EB /* Pods_ConcertsApp.framework */; };
/* End PBXBuildFile section */

/* Begin PBXFileReference section */
		991B4C4E23B51714002CDA20 /* ConcertsApp.app */ = {isa = PBXFileReference; explicitFileType = wrapper.application; includeInIndex = 0; path = ConcertsApp.app; sourceTree = BUILT_PRODUCTS_DIR; };
		991B4C5123B51714002CDA20 /* AppDelegate.swift */ = {isa = PBXFileReference; lastKnownFileType = sourcecode.swift; path = AppDelegate.swift; sourceTree = "<group>"; };
		991B4C5623B51714002CDA20 /* Base */ = {isa = PBXFileReference; lastKnownFileType = file.storyboard; name = Base; path = Base.lproj/Main.storyboard; sourceTree = "<group>"; };
		991B4C5823B51716002CDA20 /* Assets.xcassets */ = {isa = PBXFileReference; lastKnownFileType = folder.assetcatalog; path = Assets.xcassets; sourceTree = "<group>"; };
		991B4C5B23B51716002CDA20 /* Base */ = {isa = PBXFileReference; lastKnownFileType = file.storyboard; name = Base; path = Base.lproj/LaunchScreen.storyboard; sourceTree = "<group>"; };
		991B4C5D23B51716002CDA20 /* Info.plist */ = {isa = PBXFileReference; lastKnownFileType = text.plist.xml; path = Info.plist; sourceTree = "<group>"; };
		991B4C6623B517F9002CDA20 /* ConcertListViewController.swift */ = {isa = PBXFileReference; lastKnownFileType = sourcecode.swift; path = ConcertListViewController.swift; sourceTree = "<group>"; };
		991B4C6923B5183A002CDA20 /* ConcertListViewModel.swift */ = {isa = PBXFileReference; lastKnownFileType = sourcecode.swift; path = ConcertListViewModel.swift; sourceTree = "<group>"; };
		991B4C6C23B51879002CDA20 /* ConcertListItemTableViewCellViewModel.swift */ = {isa = PBXFileReference; lastKnownFileType = sourcecode.swift; path = ConcertListItemTableViewCellViewModel.swift; sourceTree = "<group>"; };
		991B4C6E23B518A5002CDA20 /* ConcertListItemTableViewCell.swift */ = {isa = PBXFileReference; lastKnownFileType = sourcecode.swift; path = ConcertListItemTableViewCell.swift; sourceTree = "<group>"; };
		991B4C6F23B518A5002CDA20 /* ConcertListItemTableViewCell.xib */ = {isa = PBXFileReference; lastKnownFileType = file.xib; path = ConcertListItemTableViewCell.xib; sourceTree = "<group>"; };
		991B4C7223B518E2002CDA20 /* BaseViewModel.swift */ = {isa = PBXFileReference; lastKnownFileType = sourcecode.swift; path = BaseViewModel.swift; sourceTree = "<group>"; };
		991B4C7423B51923002CDA20 /* Concert.swift */ = {isa = PBXFileReference; lastKnownFileType = sourcecode.swift; path = Concert.swift; sourceTree = "<group>"; };
		991B4C7723B519C0002CDA20 /* ConcertResponse.swift */ = {isa = PBXFileReference; lastKnownFileType = sourcecode.swift; path = ConcertResponse.swift; sourceTree = "<group>"; };
		991B4C8623B624DC002CDA20 /* APIService.swift */ = {isa = PBXFileReference; lastKnownFileType = sourcecode.swift; path = APIService.swift; sourceTree = "<group>"; };
		991B4C8923B628A1002CDA20 /* Reachability.swift */ = {isa = PBXFileReference; lastKnownFileType = sourcecode.swift; path = Reachability.swift; sourceTree = "<group>"; };
		991B4C8C23B6373A002CDA20 /* Dictionary+Utilities.swift */ = {isa = PBXFileReference; lastKnownFileType = sourcecode.swift; path = "Dictionary+Utilities.swift"; sourceTree = "<group>"; };
		991B4C8E23B63AA3002CDA20 /* String+Utilities.swift */ = {isa = PBXFileReference; lastKnownFileType = sourcecode.swift; path = "String+Utilities.swift"; sourceTree = "<group>"; };
		991B4C9023B6455E002CDA20 /* BaseViewController.swift */ = {isa = PBXFileReference; lastKnownFileType = sourcecode.swift; path = BaseViewController.swift; sourceTree = "<group>"; };
		E468373ACC9CAF1AF466C853 /* Pods-ConcertsApp.debug.xcconfig */ = {isa = PBXFileReference; includeInIndex = 1; lastKnownFileType = text.xcconfig; name = "Pods-ConcertsApp.debug.xcconfig"; path = "Target Support Files/Pods-ConcertsApp/Pods-ConcertsApp.debug.xcconfig"; sourceTree = "<group>"; };
		EA5F781CB4CB515F767AD5EA /* Pods-ConcertsApp.release.xcconfig */ = {isa = PBXFileReference; includeInIndex = 1; lastKnownFileType = text.xcconfig; name = "Pods-ConcertsApp.release.xcconfig"; path = "Target Support Files/Pods-ConcertsApp/Pods-ConcertsApp.release.xcconfig"; sourceTree = "<group>"; };
		F72F9E8A4D76DCBA44AF76EB /* Pods_ConcertsApp.framework */ = {isa = PBXFileReference; explicitFileType = wrapper.framework; includeInIndex = 0; path = Pods_ConcertsApp.framework; sourceTree = BUILT_PRODUCTS_DIR; };
/* End PBXFileReference section */

/* Begin PBXFrameworksBuildPhase section */
		991B4C4B23B51714002CDA20 /* Frameworks */ = {
			isa = PBXFrameworksBuildPhase;
			buildActionMask = 2147483647;
			files = (
				D9E6D335A2699AE0A5FB37A6 /* Pods_ConcertsApp.framework in Frameworks */,
			);
			runOnlyForDeploymentPostprocessing = 0;
		};
/* End PBXFrameworksBuildPhase section */

/* Begin PBXGroup section */
		0A10318E8E0BF5981D21F138 /* Frameworks */ = {
			isa = PBXGroup;
			children = (
				F72F9E8A4D76DCBA44AF76EB /* Pods_ConcertsApp.framework */,
			);
			name = Frameworks;
			sourceTree = "<group>";
		};
		1DEFD90CA7FE24315AF0F409 /* Pods */ = {
			isa = PBXGroup;
			children = (
				E468373ACC9CAF1AF466C853 /* Pods-ConcertsApp.debug.xcconfig */,
				EA5F781CB4CB515F767AD5EA /* Pods-ConcertsApp.release.xcconfig */,
			);
			path = Pods;
			sourceTree = "<group>";
		};
		991B4C4523B51714002CDA20 = {
			isa = PBXGroup;
			children = (
				991B4C5023B51714002CDA20 /* ConcertsApp */,
				991B4C4F23B51714002CDA20 /* Products */,
				1DEFD90CA7FE24315AF0F409 /* Pods */,
				0A10318E8E0BF5981D21F138 /* Frameworks */,
			);
			sourceTree = "<group>";
		};
		991B4C4F23B51714002CDA20 /* Products */ = {
			isa = PBXGroup;
			children = (
				991B4C4E23B51714002CDA20 /* ConcertsApp.app */,
			);
			name = Products;
			sourceTree = "<group>";
		};
		991B4C5023B51714002CDA20 /* ConcertsApp */ = {
			isa = PBXGroup;
			children = (
				991B4C8B23B63728002CDA20 /* Extensions */,
				991B4C8823B6288E002CDA20 /* Classes */,
				991B4C7C23B61BE4002CDA20 /* Service */,
				991B4C6523B517CA002CDA20 /* Resources */,
				991B4C6423B5177D002CDA20 /* ViewControllers */,
				991B4C6323B51769002CDA20 /* Models */,
				991B4C5123B51714002CDA20 /* AppDelegate.swift */,
				991B4C5823B51716002CDA20 /* Assets.xcassets */,
				991B4C5D23B51716002CDA20 /* Info.plist */,
				991B4C7223B518E2002CDA20 /* BaseViewModel.swift */,
				991B4C9023B6455E002CDA20 /* BaseViewController.swift */,
			);
			path = ConcertsApp;
			sourceTree = "<group>";
		};
		991B4C6323B51769002CDA20 /* Models */ = {
			isa = PBXGroup;
			children = (
				991B4C7623B519AE002CDA20 /* Response */,
				991B4C7423B51923002CDA20 /* Concert.swift */,
			);
			path = Models;
			sourceTree = "<group>";
		};
		991B4C6423B5177D002CDA20 /* ViewControllers */ = {
			isa = PBXGroup;
			children = (
				991B4C6823B5181D002CDA20 /* Concerts */,
			);
			path = ViewControllers;
			sourceTree = "<group>";
		};
		991B4C6523B517CA002CDA20 /* Resources */ = {
			isa = PBXGroup;
			children = (
				991B4C5523B51714002CDA20 /* Main.storyboard */,
				991B4C5A23B51716002CDA20 /* LaunchScreen.storyboard */,
			);
			path = Resources;
			sourceTree = "<group>";
		};
		991B4C6823B5181D002CDA20 /* Concerts */ = {
			isa = PBXGroup;
			children = (
				991B4C6B23B51852002CDA20 /* Cell */,
				991B4C6623B517F9002CDA20 /* ConcertListViewController.swift */,
				991B4C6923B5183A002CDA20 /* ConcertListViewModel.swift */,
			);
			path = Concerts;
			sourceTree = "<group>";
		};
		991B4C6B23B51852002CDA20 /* Cell */ = {
			isa = PBXGroup;
			children = (
				991B4C6C23B51879002CDA20 /* ConcertListItemTableViewCellViewModel.swift */,
				991B4C6E23B518A5002CDA20 /* ConcertListItemTableViewCell.swift */,
				991B4C6F23B518A5002CDA20 /* ConcertListItemTableViewCell.xib */,
			);
			path = Cell;
			sourceTree = "<group>";
		};
		991B4C7623B519AE002CDA20 /* Response */ = {
			isa = PBXGroup;
			children = (
				991B4C7723B519C0002CDA20 /* ConcertResponse.swift */,
			);
			path = Response;
			sourceTree = "<group>";
		};
		991B4C7C23B61BE4002CDA20 /* Service */ = {
			isa = PBXGroup;
			children = (
				991B4C8623B624DC002CDA20 /* APIService.swift */,
			);
			path = Service;
			sourceTree = "<group>";
		};
		991B4C8823B6288E002CDA20 /* Classes */ = {
			isa = PBXGroup;
			children = (
				991B4C8923B628A1002CDA20 /* Reachability.swift */,
			);
			path = Classes;
			sourceTree = "<group>";
		};
		991B4C8B23B63728002CDA20 /* Extensions */ = {
			isa = PBXGroup;
			children = (
				991B4C8C23B6373A002CDA20 /* Dictionary+Utilities.swift */,
				991B4C8E23B63AA3002CDA20 /* String+Utilities.swift */,
			);
			path = Extensions;
			sourceTree = "<group>";
		};
/* End PBXGroup section */

/* Begin PBXNativeTarget section */
		991B4C4D23B51714002CDA20 /* ConcertsApp */ = {
			isa = PBXNativeTarget;
			buildConfigurationList = 991B4C6023B51716002CDA20 /* Build configuration list for PBXNativeTarget "ConcertsApp" */;
			buildPhases = (
				AECB9A93907749A0D2D1FB58 /* [CP] Check Pods Manifest.lock */,
				991B4C4A23B51714002CDA20 /* Sources */,
				991B4C4B23B51714002CDA20 /* Frameworks */,
				991B4C4C23B51714002CDA20 /* Resources */,
				D218ECA595327E8E24CC1311 /* [CP] Embed Pods Frameworks */,
			);
			buildRules = (
			);
			dependencies = (
			);
			name = ConcertsApp;
			productName = ConcertsApp;
			productReference = 991B4C4E23B51714002CDA20 /* ConcertsApp.app */;
			productType = "com.apple.product-type.application";
		};
/* End PBXNativeTarget section */

/* Begin PBXProject section */
		991B4C4623B51714002CDA20 /* Project object */ = {
			isa = PBXProject;
			attributes = {
				LastSwiftUpdateCheck = 1020;
				LastUpgradeCheck = 1020;
				ORGANIZATIONNAME = harun;
				TargetAttributes = {
					991B4C4D23B51714002CDA20 = {
						CreatedOnToolsVersion = 10.2.1;
					};
				};
			};
			buildConfigurationList = 991B4C4923B51714002CDA20 /* Build configuration list for PBXProject "ConcertsApp" */;
			compatibilityVersion = "Xcode 9.3";
			developmentRegion = en;
			hasScannedForEncodings = 0;
			knownRegions = (
				en,
				Base,
			);
			mainGroup = 991B4C4523B51714002CDA20;
			productRefGroup = 991B4C4F23B51714002CDA20 /* Products */;
			projectDirPath = "";
			projectRoot = "";
			targets = (
				991B4C4D23B51714002CDA20 /* ConcertsApp */,
			);
		};
/* End PBXProject section */

/* Begin PBXResourcesBuildPhase section */
		991B4C4C23B51714002CDA20 /* Resources */ = {
			isa = PBXResourcesBuildPhase;
			buildActionMask = 2147483647;
			files = (
				991B4C5C23B51716002CDA20 /* LaunchScreen.storyboard in Resources */,
				991B4C5923B51716002CDA20 /* Assets.xcassets in Resources */,
				991B4C7123B518A5002CDA20 /* ConcertListItemTableViewCell.xib in Resources */,
				991B4C5723B51714002CDA20 /* Main.storyboard in Resources */,
			);
			runOnlyForDeploymentPostprocessing = 0;
		};
/* End PBXResourcesBuildPhase section */

/* Begin PBXShellScriptBuildPhase section */
		AECB9A93907749A0D2D1FB58 /* [CP] Check Pods Manifest.lock */ = {
			isa = PBXShellScriptBuildPhase;
			buildActionMask = 2147483647;
			files = (
			);
			inputFileListPaths = (
			);
			inputPaths = (
				"${PODS_PODFILE_DIR_PATH}/Podfile.lock",
				"${PODS_ROOT}/Manifest.lock",
			);
			name = "[CP] Check Pods Manifest.lock";
			outputFileListPaths = (
			);
			outputPaths = (
				"$(DERIVED_FILE_DIR)/Pods-ConcertsApp-checkManifestLockResult.txt",
			);
			runOnlyForDeploymentPostprocessing = 0;
			shellPath = /bin/sh;
			shellScript = "diff \"${PODS_PODFILE_DIR_PATH}/Podfile.lock\" \"${PODS_ROOT}/Manifest.lock\" > /dev/null\nif [ $? != 0 ] ; then\n    # print error to STDERR\n    echo \"error: The sandbox is not in sync with the Podfile.lock. Run 'pod install' or update your CocoaPods installation.\" >&2\n    exit 1\nfi\n# This output is used by Xcode 'outputs' to avoid re-running this script phase.\necho \"SUCCESS\" > \"${SCRIPT_OUTPUT_FILE_0}\"\n";
			showEnvVarsInLog = 0;
		};
		D218ECA595327E8E24CC1311 /* [CP] Embed Pods Frameworks */ = {
			isa = PBXShellScriptBuildPhase;
			buildActionMask = 2147483647;
			files = (
			);
			inputFileListPaths = (
				"${PODS_ROOT}/Target Support Files/Pods-ConcertsApp/Pods-ConcertsApp-frameworks-${CONFIGURATION}-input-files.xcfilelist",
			);
			name = "[CP] Embed Pods Frameworks";
			outputFileListPaths = (
				"${PODS_ROOT}/Target Support Files/Pods-ConcertsApp/Pods-ConcertsApp-frameworks-${CONFIGURATION}-output-files.xcfilelist",
			);
			runOnlyForDeploymentPostprocessing = 0;
			shellPath = /bin/sh;
			shellScript = "\"${PODS_ROOT}/Target Support Files/Pods-ConcertsApp/Pods-ConcertsApp-frameworks.sh\"\n";
			showEnvVarsInLog = 0;
		};
/* End PBXShellScriptBuildPhase section */

/* Begin PBXSourcesBuildPhase section */
		991B4C4A23B51714002CDA20 /* Sources */ = {
			isa = PBXSourcesBuildPhase;
			buildActionMask = 2147483647;
			files = (
				991B4C9123B6455E002CDA20 /* BaseViewController.swift in Sources */,
				991B4C6A23B5183A002CDA20 /* ConcertListViewModel.swift in Sources */,
				991B4C5223B51714002CDA20 /* AppDelegate.swift in Sources */,
				991B4C6D23B51879002CDA20 /* ConcertListItemTableViewCellViewModel.swift in Sources */,
				991B4C8D23B6373A002CDA20 /* Dictionary+Utilities.swift in Sources */,
				991B4C7023B518A5002CDA20 /* ConcertListItemTableViewCell.swift in Sources */,
				991B4C6723B517F9002CDA20 /* ConcertListViewController.swift in Sources */,
				991B4C7823B519C0002CDA20 /* ConcertResponse.swift in Sources */,
				991B4C8F23B63AA3002CDA20 /* String+Utilities.swift in Sources */,
				991B4C7523B51923002CDA20 /* Concert.swift in Sources */,
				991B4C8723B624DC002CDA20 /* APIService.swift in Sources */,
				991B4C8A23B628A1002CDA20 /* Reachability.swift in Sources */,
				991B4C7323B518E2002CDA20 /* BaseViewModel.swift in Sources */,
			);
			runOnlyForDeploymentPostprocessing = 0;
		};
/* End PBXSourcesBuildPhase section */

/* Begin PBXVariantGroup section */
		991B4C5523B51714002CDA20 /* Main.storyboard */ = {
			isa = PBXVariantGroup;
			children = (
				991B4C5623B51714002CDA20 /* Base */,
			);
			name = Main.storyboard;
			sourceTree = "<group>";
		};
		991B4C5A23B51716002CDA20 /* LaunchScreen.storyboard */ = {
			isa = PBXVariantGroup;
			children = (
				991B4C5B23B51716002CDA20 /* Base */,
			);
			name = LaunchScreen.storyboard;
			sourceTree = "<group>";
		};
/* End PBXVariantGroup section */

/* Begin XCBuildConfiguration section */
		991B4C5E23B51716002CDA20 /* Debug */ = {
			isa = XCBuildConfiguration;
			buildSettings = {
				ALWAYS_SEARCH_USER_PATHS = NO;
				CLANG_ANALYZER_NONNULL = YES;
				CLANG_ANALYZER_NUMBER_OBJECT_CONVERSION = YES_AGGRESSIVE;
				CLANG_CXX_LANGUAGE_STANDARD = "gnu++14";
				CLANG_CXX_LIBRARY = "libc++";
				CLANG_ENABLE_MODULES = YES;
				CLANG_ENABLE_OBJC_ARC = YES;
				CLANG_ENABLE_OBJC_WEAK = YES;
				CLANG_WARN_BLOCK_CAPTURE_AUTORELEASING = YES;
				CLANG_WARN_BOOL_CONVERSION = YES;
				CLANG_WARN_COMMA = YES;
				CLANG_WARN_CONSTANT_CONVERSION = YES;
				CLANG_WARN_DEPRECATED_OBJC_IMPLEMENTATIONS = YES;
				CLANG_WARN_DIRECT_OBJC_ISA_USAGE = YES_ERROR;
				CLANG_WARN_DOCUMENTATION_COMMENTS = YES;
				CLANG_WARN_EMPTY_BODY = YES;
				CLANG_WARN_ENUM_CONVERSION = YES;
				CLANG_WARN_INFINITE_RECURSION = YES;
				CLANG_WARN_INT_CONVERSION = YES;
				CLANG_WARN_NON_LITERAL_NULL_CONVERSION = YES;
				CLANG_WARN_OBJC_IMPLICIT_RETAIN_SELF = YES;
				CLANG_WARN_OBJC_LITERAL_CONVERSION = YES;
				CLANG_WARN_OBJC_ROOT_CLASS = YES_ERROR;
				CLANG_WARN_RANGE_LOOP_ANALYSIS = YES;
				CLANG_WARN_STRICT_PROTOTYPES = YES;
				CLANG_WARN_SUSPICIOUS_MOVE = YES;
				CLANG_WARN_UNGUARDED_AVAILABILITY = YES_AGGRESSIVE;
				CLANG_WARN_UNREACHABLE_CODE = YES;
				CLANG_WARN__DUPLICATE_METHOD_MATCH = YES;
				CODE_SIGN_IDENTITY = "iPhone Developer";
				COPY_PHASE_STRIP = NO;
				DEBUG_INFORMATION_FORMAT = dwarf;
				ENABLE_STRICT_OBJC_MSGSEND = YES;
				ENABLE_TESTABILITY = YES;
				GCC_C_LANGUAGE_STANDARD = gnu11;
				GCC_DYNAMIC_NO_PIC = NO;
				GCC_NO_COMMON_BLOCKS = YES;
				GCC_OPTIMIZATION_LEVEL = 0;
				GCC_PREPROCESSOR_DEFINITIONS = (
					"DEBUG=1",
					"$(inherited)",
				);
				GCC_WARN_64_TO_32_BIT_CONVERSION = YES;
				GCC_WARN_ABOUT_RETURN_TYPE = YES_ERROR;
				GCC_WARN_UNDECLARED_SELECTOR = YES;
				GCC_WARN_UNINITIALIZED_AUTOS = YES_AGGRESSIVE;
				GCC_WARN_UNUSED_FUNCTION = YES;
				GCC_WARN_UNUSED_VARIABLE = YES;
				IPHONEOS_DEPLOYMENT_TARGET = 12.2;
				MTL_ENABLE_DEBUG_INFO = INCLUDE_SOURCE;
				MTL_FAST_MATH = YES;
				ONLY_ACTIVE_ARCH = YES;
				SDKROOT = iphoneos;
				SWIFT_ACTIVE_COMPILATION_CONDITIONS = DEBUG;
				SWIFT_OPTIMIZATION_LEVEL = "-Onone";
			};
			name = Debug;
		};
		991B4C5F23B51716002CDA20 /* Release */ = {
			isa = XCBuildConfiguration;
			buildSettings = {
				ALWAYS_SEARCH_USER_PATHS = NO;
				CLANG_ANALYZER_NONNULL = YES;
				CLANG_ANALYZER_NUMBER_OBJECT_CONVERSION = YES_AGGRESSIVE;
				CLANG_CXX_LANGUAGE_STANDARD = "gnu++14";
				CLANG_CXX_LIBRARY = "libc++";
				CLANG_ENABLE_MODULES = YES;
				CLANG_ENABLE_OBJC_ARC = YES;
				CLANG_ENABLE_OBJC_WEAK = YES;
				CLANG_WARN_BLOCK_CAPTURE_AUTORELEASING = YES;
				CLANG_WARN_BOOL_CONVERSION = YES;
				CLANG_WARN_COMMA = YES;
				CLANG_WARN_CONSTANT_CONVERSION = YES;
				CLANG_WARN_DEPRECATED_OBJC_IMPLEMENTATIONS = YES;
				CLANG_WARN_DIRECT_OBJC_ISA_USAGE = YES_ERROR;
				CLANG_WARN_DOCUMENTATION_COMMENTS = YES;
				CLANG_WARN_EMPTY_BODY = YES;
				CLANG_WARN_ENUM_CONVERSION = YES;
				CLANG_WARN_INFINITE_RECURSION = YES;
				CLANG_WARN_INT_CONVERSION = YES;
				CLANG_WARN_NON_LITERAL_NULL_CONVERSION = YES;
				CLANG_WARN_OBJC_IMPLICIT_RETAIN_SELF = YES;
				CLANG_WARN_OBJC_LITERAL_CONVERSION = YES;
				CLANG_WARN_OBJC_ROOT_CLASS = YES_ERROR;
				CLANG_WARN_RANGE_LOOP_ANALYSIS = YES;
				CLANG_WARN_STRICT_PROTOTYPES = YES;
				CLANG_WARN_SUSPICIOUS_MOVE = YES;
				CLANG_WARN_UNGUARDED_AVAILABILITY = YES_AGGRESSIVE;
				CLANG_WARN_UNREACHABLE_CODE = YES;
				CLANG_WARN__DUPLICATE_METHOD_MATCH = YES;
				CODE_SIGN_IDENTITY = "iPhone Developer";
				COPY_PHASE_STRIP = NO;
				DEBUG_INFORMATION_FORMAT = "dwarf-with-dsym";
				ENABLE_NS_ASSERTIONS = NO;
				ENABLE_STRICT_OBJC_MSGSEND = YES;
				GCC_C_LANGUAGE_STANDARD = gnu11;
				GCC_NO_COMMON_BLOCKS = YES;
				GCC_WARN_64_TO_32_BIT_CONVERSION = YES;
				GCC_WARN_ABOUT_RETURN_TYPE = YES_ERROR;
				GCC_WARN_UNDECLARED_SELECTOR = YES;
				GCC_WARN_UNINITIALIZED_AUTOS = YES_AGGRESSIVE;
				GCC_WARN_UNUSED_FUNCTION = YES;
				GCC_WARN_UNUSED_VARIABLE = YES;
				IPHONEOS_DEPLOYMENT_TARGET = 12.2;
				MTL_ENABLE_DEBUG_INFO = NO;
				MTL_FAST_MATH = YES;
				SDKROOT = iphoneos;
				SWIFT_COMPILATION_MODE = wholemodule;
				SWIFT_OPTIMIZATION_LEVEL = "-O";
				VALIDATE_PRODUCT = YES;
			};
			name = Release;
		};
		991B4C6123B51716002CDA20 /* Debug */ = {
			isa = XCBuildConfiguration;
			baseConfigurationReference = E468373ACC9CAF1AF466C853 /* Pods-ConcertsApp.debug.xcconfig */;
			buildSettings = {
				ASSETCATALOG_COMPILER_APPICON_NAME = AppIcon;
				CODE_SIGN_STYLE = Automatic;
				DEVELOPMENT_TEAM = 5S2E86548V;
				INFOPLIST_FILE = ConcertsApp/Info.plist;
				LD_RUNPATH_SEARCH_PATHS = (
					"$(inherited)",
					"@executable_path/Frameworks",
				);
				PRODUCT_BUNDLE_IDENTIFIER = com.obss.ConcertsApp;
				PRODUCT_NAME = "$(TARGET_NAME)";
				SWIFT_VERSION = 5.0;
				TARGETED_DEVICE_FAMILY = 1;
			};
			name = Debug;
		};
		991B4C6223B51716002CDA20 /* Release */ = {
			isa = XCBuildConfiguration;
			baseConfigurationReference = EA5F781CB4CB515F767AD5EA /* Pods-ConcertsApp.release.xcconfig */;
			buildSettings = {
				ASSETCATALOG_COMPILER_APPICON_NAME = AppIcon;
				CODE_SIGN_STYLE = Automatic;
				DEVELOPMENT_TEAM = 5S2E86548V;
				INFOPLIST_FILE = ConcertsApp/Info.plist;
				LD_RUNPATH_SEARCH_PATHS = (
					"$(inherited)",
					"@executable_path/Frameworks",
				);
				PRODUCT_BUNDLE_IDENTIFIER = com.obss.ConcertsApp;
				PRODUCT_NAME = "$(TARGET_NAME)";
				SWIFT_VERSION = 5.0;
				TARGETED_DEVICE_FAMILY = 1;
			};
			name = Release;
		};
/* End XCBuildConfiguration section */

/* Begin XCConfigurationList section */
		991B4C4923B51714002CDA20 /* Build configuration list for PBXProject "ConcertsApp" */ = {
			isa = XCConfigurationList;
			buildConfigurations = (
				991B4C5E23B51716002CDA20 /* Debug */,
				991B4C5F23B51716002CDA20 /* Release */,
			);
			defaultConfigurationIsVisible = 0;
			defaultConfigurationName = Release;
		};
		991B4C6023B51716002CDA20 /* Build configuration list for PBXNativeTarget "ConcertsApp" */ = {
			isa = XCConfigurationList;
			buildConfigurations = (
				991B4C6123B51716002CDA20 /* Debug */,
				991B4C6223B51716002CDA20 /* Release */,
			);
			defaultConfigurationIsVisible = 0;
			defaultConfigurationName = Release;
		};
/* End XCConfigurationList section */
	};
	rootObject = 991B4C4623B51714002CDA20 /* Project object */;
}
